
Microsoft Visual Studio Solution File, Format Version 12.00
# Visual Studio 15
VisualStudioVersion = 15.0.28307.645
MinimumVisualStudioVersion = 10.0.40219.1
Project("{FAE04EC0-301F-11D3-BF4B-00C04F79EFBC}") = "CrossPlatform.Android", "CrossPlatform\CrossPlatform.Android\CrossPlatform.Android.csproj", "{536BE27E-95FF-4FF7-A32E-EBA0B35C5E1E}"
EndProject
Project("{FAE04EC0-301F-11D3-BF4B-00C04F79EFBC}") = "CrossPlatform.iOS", "CrossPlatform\CrossPlatform.iOS\CrossPlatform.iOS.csproj", "{C7E12D38-297B-4E95-8E67-F877CCE0BF73}"
EndProject
Project("{9A19103F-16F7-4668-BE54-9A1E7A4F7556}") = "CrossPlatform", "CrossPlatform\CrossPlatform\CrossPlatform.csproj", "{E21DE48A-DB02-403D-B2E1-AA640F9E2B52}"
EndProject
Project("{2150E333-8FDC-42A3-9474-1A3956D46DE8}") = "0 - Presentation", "0 - Presentation", "{72A0A169-E067-4474-8376-4323F58AF31B}"
EndProject
Project("{2150E333-8FDC-42A3-9474-1A3956D46DE8}") = "1 - Service", "1 - Service", "{C82A12C4-1A19-4D7D-9548-57509120F3BF}"
EndProject
Project("{2150E333-8FDC-42A3-9474-1A3956D46DE8}") = "2 - Domain", "2 - Domain", "{1D034C70-F51F-423D-8F29-54732D1D5E26}"
EndProject
Project("{2150E333-8FDC-42A3-9474-1A3956D46DE8}") = "3 - Infra", "3 - Infra", "{BFA3F27D-4780-4EEF-B580-670AF99A607D}"
EndProject
Project("{FAE04EC0-301F-11D3-BF4B-00C04F79EFBC}") = "CrossPlatform.Domain", "CrossPlatform.Domain\CrossPlatform.Domain.csproj", "{CA2F9A6E-FE5D-4CCB-81EB-F4DD10BEFC86}"
EndProject
Project("{FAE04EC0-301F-11D3-BF4B-00C04F79EFBC}") = "CrossPlatform.Service", "CrossPlatform.Service\CrossPlatform.Service.csproj", "{D8FD2C32-B5BE-4DC3-829D-AE42FAF989EF}"
EndProject
Project("{FAE04EC0-301F-11D3-BF4B-00C04F79EFBC}") = "CrossPlatform.Infra.SQLite", "CrossPlatform.Infra.SQLite\CrossPlatform.Infra.SQLite.csproj", "{1917B751-E91B-4965-B95A-5A07B7353396}"
EndProject
Project("{FAE04EC0-301F-11D3-BF4B-00C04F79EFBC}") = "CrossPlatform.Infra.LiteDB", "CrossPlatform.Infra.LiteDB\CrossPlatform.Infra.LiteDB.csproj", "{87CD504A-3DB7-468C-86F1-35DA5F920AC1}"
EndProject
Global
	GlobalSection(SolutionConfigurationPlatforms) = preSolution
		Ad-Hoc|Any CPU = Ad-Hoc|Any CPU
		Ad-Hoc|iPhone = Ad-Hoc|iPhone
		Ad-Hoc|iPhoneSimulator = Ad-Hoc|iPhoneSimulator
		AppStore|Any CPU = AppStore|Any CPU
		AppStore|iPhone = AppStore|iPhone
		AppStore|iPhoneSimulator = AppStore|iPhoneSimulator
		Debug|Any CPU = Debug|Any CPU
		Debug|iPhone = Debug|iPhone
		Debug|iPhoneSimulator = Debug|iPhoneSimulator
		Release|Any CPU = Release|Any CPU
		Release|iPhone = Release|iPhone
		Release|iPhoneSimulator = Release|iPhoneSimulator
	EndGlobalSection
	GlobalSection(ProjectConfigurationPlatforms) = postSolution
		{536BE27E-95FF-4FF7-A32E-EBA0B35C5E1E}.Ad-Hoc|Any CPU.ActiveCfg = Release|Any CPU
		{536BE27E-95FF-4FF7-A32E-EBA0B35C5E1E}.Ad-Hoc|Any CPU.Build.0 = Release|Any CPU
		{536BE27E-95FF-4FF7-A32E-EBA0B35C5E1E}.Ad-Hoc|Any CPU.Deploy.0 = Release|Any CPU
		{536BE27E-95FF-4FF7-A32E-EBA0B35C5E1E}.Ad-Hoc|iPhone.ActiveCfg = Release|Any CPU
		{536BE27E-95FF-4FF7-A32E-EBA0B35C5E1E}.Ad-Hoc|iPhone.Build.0 = Release|Any CPU
		{536BE27E-95FF-4FF7-A32E-EBA0B35C5E1E}.Ad-Hoc|iPhone.Deploy.0 = Release|Any CPU
		{536BE27E-95FF-4FF7-A32E-EBA0B35C5E1E}.Ad-Hoc|iPhoneSimulator.ActiveCfg = Release|Any CPU
		{536BE27E-95FF-4FF7-A32E-EBA0B35C5E1E}.Ad-Hoc|iPhoneSimulator.Build.0 = Release|Any CPU
		{536BE27E-95FF-4FF7-A32E-EBA0B35C5E1E}.Ad-Hoc|iPhoneSimulator.Deploy.0 = Release|Any CPU
		{536BE27E-95FF-4FF7-A32E-EBA0B35C5E1E}.AppStore|Any CPU.ActiveCfg = Release|Any CPU
		{536BE27E-95FF-4FF7-A32E-EBA0B35C5E1E}.AppStore|Any CPU.Build.0 = Release|Any CPU
		{536BE27E-95FF-4FF7-A32E-EBA0B35C5E1E}.AppStore|Any CPU.Deploy.0 = Release|Any CPU
		{536BE27E-95FF-4FF7-A32E-EBA0B35C5E1E}.AppStore|iPhone.ActiveCfg = Release|Any CPU
		{536BE27E-95FF-4FF7-A32E-EBA0B35C5E1E}.AppStore|iPhone.Build.0 = Release|Any CPU
		{536BE27E-95FF-4FF7-A32E-EBA0B35C5E1E}.AppStore|iPhone.Deploy.0 = Release|Any CPU
		{536BE27E-95FF-4FF7-A32E-EBA0B35C5E1E}.AppStore|iPhoneSimulator.ActiveCfg = Release|Any CPU
		{536BE27E-95FF-4FF7-A32E-EBA0B35C5E1E}.AppStore|iPhoneSimulator.Build.0 = Release|Any CPU
		{536BE27E-95FF-4FF7-A32E-EBA0B35C5E1E}.AppStore|iPhoneSimulator.Deploy.0 = Release|Any CPU
		{536BE27E-95FF-4FF7-A32E-EBA0B35C5E1E}.Debug|Any CPU.ActiveCfg = Debug|Any CPU
		{536BE27E-95FF-4FF7-A32E-EBA0B35C5E1E}.Debug|Any CPU.Build.0 = Debug|Any CPU
		{536BE27E-95FF-4FF7-A32E-EBA0B35C5E1E}.Debug|Any CPU.Deploy.0 = Debug|Any CPU
		{536BE27E-95FF-4FF7-A32E-EBA0B35C5E1E}.Debug|iPhone.ActiveCfg = Debug|Any CPU
		{536BE27E-95FF-4FF7-A32E-EBA0B35C5E1E}.Debug|iPhone.Build.0 = Debug|Any CPU
		{536BE27E-95FF-4FF7-A32E-EBA0B35C5E1E}.Debug|iPhone.Deploy.0 = Debug|Any CPU
		{536BE27E-95FF-4FF7-A32E-EBA0B35C5E1E}.Debug|iPhoneSimulator.ActiveCfg = Debug|Any CPU
		{536BE27E-95FF-4FF7-A32E-EBA0B35C5E1E}.Debug|iPhoneSimulator.Build.0 = Debug|Any CPU
		{536BE27E-95FF-4FF7-A32E-EBA0B35C5E1E}.Debug|iPhoneSimulator.Deploy.0 = Debug|Any CPU
		{536BE27E-95FF-4FF7-A32E-EBA0B35C5E1E}.Release|Any CPU.ActiveCfg = Release|Any CPU
		{536BE27E-95FF-4FF7-A32E-EBA0B35C5E1E}.Release|Any CPU.Build.0 = Release|Any CPU
		{536BE27E-95FF-4FF7-A32E-EBA0B35C5E1E}.Release|Any CPU.Deploy.0 = Release|Any CPU
		{536BE27E-95FF-4FF7-A32E-EBA0B35C5E1E}.Release|iPhone.ActiveCfg = Release|Any CPU
		{536BE27E-95FF-4FF7-A32E-EBA0B35C5E1E}.Release|iPhone.Build.0 = Release|Any CPU
		{536BE27E-95FF-4FF7-A32E-EBA0B35C5E1E}.Release|iPhone.Deploy.0 = Release|Any CPU
		{536BE27E-95FF-4FF7-A32E-EBA0B35C5E1E}.Release|iPhoneSimulator.ActiveCfg = Release|Any CPU
		{536BE27E-95FF-4FF7-A32E-EBA0B35C5E1E}.Release|iPhoneSimulator.Build.0 = Release|Any CPU
		{536BE27E-95FF-4FF7-A32E-EBA0B35C5E1E}.Release|iPhoneSimulator.Deploy.0 = Release|Any CPU
		{C7E12D38-297B-4E95-8E67-F877CCE0BF73}.Ad-Hoc|Any CPU.ActiveCfg = Ad-Hoc|iPhone
		{C7E12D38-297B-4E95-8E67-F877CCE0BF73}.Ad-Hoc|Any CPU.Build.0 = Ad-Hoc|iPhone
		{C7E12D38-297B-4E95-8E67-F877CCE0BF73}.Ad-Hoc|Any CPU.Deploy.0 = Ad-Hoc|iPhone
		{C7E12D38-297B-4E95-8E67-F877CCE0BF73}.Ad-Hoc|iPhone.ActiveCfg = Ad-Hoc|iPhone
		{C7E12D38-297B-4E95-8E67-F877CCE0BF73}.Ad-Hoc|iPhone.Build.0 = Ad-Hoc|iPhone
		{C7E12D38-297B-4E95-8E67-F877CCE0BF73}.Ad-Hoc|iPhone.Deploy.0 = Ad-Hoc|iPhone
		{C7E12D38-297B-4E95-8E67-F877CCE0BF73}.Ad-Hoc|iPhoneSimulator.ActiveCfg = Ad-Hoc|iPhoneSimulator
		{C7E12D38-297B-4E95-8E67-F877CCE0BF73}.Ad-Hoc|iPhoneSimulator.Build.0 = Ad-Hoc|iPhoneSimulator
		{C7E12D38-297B-4E95-8E67-F877CCE0BF73}.Ad-Hoc|iPhoneSimulator.Deploy.0 = Ad-Hoc|iPhoneSimulator
		{C7E12D38-297B-4E95-8E67-F877CCE0BF73}.AppStore|Any CPU.ActiveCfg = AppStore|iPhone
		{C7E12D38-297B-4E95-8E67-F877CCE0BF73}.AppStore|Any CPU.Build.0 = AppStore|iPhone
		{C7E12D38-297B-4E95-8E67-F877CCE0BF73}.AppStore|Any CPU.Deploy.0 = AppStore|iPhone
		{C7E12D38-297B-4E95-8E67-F877CCE0BF73}.AppStore|iPhone.ActiveCfg = AppStore|iPhone
		{C7E12D38-297B-4E95-8E67-F877CCE0BF73}.AppStore|iPhone.Build.0 = AppStore|iPhone
		{C7E12D38-297B-4E95-8E67-F877CCE0BF73}.AppStore|iPhone.Deploy.0 = AppStore|iPhone
		{C7E12D38-297B-4E95-8E67-F877CCE0BF73}.AppStore|iPhoneSimulator.ActiveCfg = AppStore|iPhoneSimulator
		{C7E12D38-297B-4E95-8E67-F877CCE0BF73}.AppStore|iPhoneSimulator.Build.0 = AppStore|iPhoneSimulator
		{C7E12D38-297B-4E95-8E67-F877CCE0BF73}.AppStore|iPhoneSimulator.Deploy.0 = AppStore|iPhoneSimulator
		{C7E12D38-297B-4E95-8E67-F877CCE0BF73}.Debug|Any CPU.ActiveCfg = Debug|iPhoneSimulator
		{C7E12D38-297B-4E95-8E67-F877CCE0BF73}.Debug|Any CPU.Build.0 = Debug|iPhoneSimulator
		{C7E12D38-297B-4E95-8E67-F877CCE0BF73}.Debug|Any CPU.Deploy.0 = Debug|iPhoneSimulator
		{C7E12D38-297B-4E95-8E67-F877CCE0BF73}.Debug|iPhone.ActiveCfg = Debug|iPhone
		{C7E12D38-297B-4E95-8E67-F877CCE0BF73}.Debug|iPhone.Build.0 = Debug|iPhone
		{C7E12D38-297B-4E95-8E67-F877CCE0BF73}.Debug|iPhone.Deploy.0 = Debug|iPhone
		{C7E12D38-297B-4E95-8E67-F877CCE0BF73}.Debug|iPhoneSimulator.ActiveCfg = Debug|iPhoneSimulator
		{C7E12D38-297B-4E95-8E67-F877CCE0BF73}.Debug|iPhoneSimulator.Build.0 = Debug|iPhoneSimulator
		{C7E12D38-297B-4E95-8E67-F877CCE0BF73}.Debug|iPhoneSimulator.Deploy.0 = Debug|iPhoneSimulator
		{C7E12D38-297B-4E95-8E67-F877CCE0BF73}.Release|Any CPU.ActiveCfg = Release|iPhone
		{C7E12D38-297B-4E95-8E67-F877CCE0BF73}.Release|Any CPU.Build.0 = Release|iPhone
		{C7E12D38-297B-4E95-8E67-F877CCE0BF73}.Release|Any CPU.Deploy.0 = Release|iPhone
		{C7E12D38-297B-4E95-8E67-F877CCE0BF73}.Release|iPhone.ActiveCfg = Release|iPhone
		{C7E12D38-297B-4E95-8E67-F877CCE0BF73}.Release|iPhone.Build.0 = Release|iPhone
		{C7E12D38-297B-4E95-8E67-F877CCE0BF73}.Release|iPhone.Deploy.0 = Release|iPhone
		{C7E12D38-297B-4E95-8E67-F877CCE0BF73}.Release|iPhoneSimulator.ActiveCfg = Release|iPhoneSimulator
		{C7E12D38-297B-4E95-8E67-F877CCE0BF73}.Release|iPhoneSimulator.Build.0 = Release|iPhoneSimulator
		{C7E12D38-297B-4E95-8E67-F877CCE0BF73}.Release|iPhoneSimulator.Deploy.0 = Release|iPhoneSimulator
		{E21DE48A-DB02-403D-B2E1-AA640F9E2B52}.Ad-Hoc|Any CPU.ActiveCfg = Debug|Any CPU
		{E21DE48A-DB02-403D-B2E1-AA640F9E2B52}.Ad-Hoc|Any CPU.Build.0 = Debug|Any CPU
		{E21DE48A-DB02-403D-B2E1-AA640F9E2B52}.Ad-Hoc|Any CPU.Deploy.0 = Debug|Any CPU
		{E21DE48A-DB02-403D-B2E1-AA640F9E2B52}.Ad-Hoc|iPhone.ActiveCfg = Debug|Any CPU
		{E21DE48A-DB02-403D-B2E1-AA640F9E2B52}.Ad-Hoc|iPhone.Build.0 = Debug|Any CPU
		{E21DE48A-DB02-403D-B2E1-AA640F9E2B52}.Ad-Hoc|iPhone.Deploy.0 = Debug|Any CPU
		{E21DE48A-DB02-403D-B2E1-AA640F9E2B52}.Ad-Hoc|iPhoneSimulator.ActiveCfg = Debug|Any CPU
		{E21DE48A-DB02-403D-B2E1-AA640F9E2B52}.Ad-Hoc|iPhoneSimulator.Build.0 = Debug|Any CPU
		{E21DE48A-DB02-403D-B2E1-AA640F9E2B52}.Ad-Hoc|iPhoneSimulator.Deploy.0 = Debug|Any CPU
		{E21DE48A-DB02-403D-B2E1-AA640F9E2B52}.AppStore|Any CPU.ActiveCfg = Debug|Any CPU
		{E21DE48A-DB02-403D-B2E1-AA640F9E2B52}.AppStore|Any CPU.Build.0 = Debug|Any CPU
		{E21DE48A-DB02-403D-B2E1-AA640F9E2B52}.AppStore|Any CPU.Deploy.0 = Debug|Any CPU
		{E21DE48A-DB02-403D-B2E1-AA640F9E2B52}.AppStore|iPhone.ActiveCfg = Debug|Any CPU
		{E21DE48A-DB02-403D-B2E1-AA640F9E2B52}.AppStore|iPhone.Build.0 = Debug|Any CPU
		{E21DE48A-DB02-403D-B2E1-AA640F9E2B52}.AppStore|iPhone.Deploy.0 = Debug|Any CPU
		{E21DE48A-DB02-403D-B2E1-AA640F9E2B52}.AppStore|iPhoneSimulator.ActiveCfg = Debug|Any CPU
		{E21DE48A-DB02-403D-B2E1-AA640F9E2B52}.AppStore|iPhoneSimulator.Build.0 = Debug|Any CPU
		{E21DE48A-DB02-403D-B2E1-AA640F9E2B52}.AppStore|iPhoneSimulator.Deploy.0 = Debug|Any CPU
		{E21DE48A-DB02-403D-B2E1-AA640F9E2B52}.Debug|Any CPU.ActiveCfg = Debug|Any CPU
		{E21DE48A-DB02-403D-B2E1-AA640F9E2B52}.Debug|Any CPU.Build.0 = Debug|Any CPU
		{E21DE48A-DB02-403D-B2E1-AA640F9E2B52}.Debug|Any CPU.Deploy.0 = Debug|Any CPU
		{E21DE48A-DB02-403D-B2E1-AA640F9E2B52}.Debug|iPhone.ActiveCfg = Debug|Any CPU
		{E21DE48A-DB02-403D-B2E1-AA640F9E2B52}.Debug|iPhone.Build.0 = Debug|Any CPU
		{E21DE48A-DB02-403D-B2E1-AA640F9E2B52}.Debug|iPhone.Deploy.0 = Debug|Any CPU
		{E21DE48A-DB02-403D-B2E1-AA640F9E2B52}.Debug|iPhoneSimulator.ActiveCfg = Debug|Any CPU
		{E21DE48A-DB02-403D-B2E1-AA640F9E2B52}.Debug|iPhoneSimulator.Build.0 = Debug|Any CPU
		{E21DE48A-DB02-403D-B2E1-AA640F9E2B52}.Debug|iPhoneSimulator.Deploy.0 = Debug|Any CPU
		{E21DE48A-DB02-403D-B2E1-AA640F9E2B52}.Release|Any CPU.ActiveCfg = Release|Any CPU
		{E21DE48A-DB02-403D-B2E1-AA640F9E2B52}.Release|Any CPU.Build.0 = Release|Any CPU
		{E21DE48A-DB02-403D-B2E1-AA640F9E2B52}.Release|Any CPU.Deploy.0 = Release|Any CPU
		{E21DE48A-DB02-403D-B2E1-AA640F9E2B52}.Release|iPhone.ActiveCfg = Release|Any CPU
		{E21DE48A-DB02-403D-B2E1-AA640F9E2B52}.Release|iPhone.Build.0 = Release|Any CPU
		{E21DE48A-DB02-403D-B2E1-AA640F9E2B52}.Release|iPhone.Deploy.0 = Release|Any CPU
		{E21DE48A-DB02-403D-B2E1-AA640F9E2B52}.Release|iPhoneSimulator.ActiveCfg = Release|Any CPU
		{E21DE48A-DB02-403D-B2E1-AA640F9E2B52}.Release|iPhoneSimulator.Build.0 = Release|Any CPU
		{E21DE48A-DB02-403D-B2E1-AA640F9E2B52}.Release|iPhoneSimulator.Deploy.0 = Release|Any CPU
		{CA2F9A6E-FE5D-4CCB-81EB-F4DD10BEFC86}.Ad-Hoc|Any CPU.ActiveCfg = Debug|Any CPU
		{CA2F9A6E-FE5D-4CCB-81EB-F4DD10BEFC86}.Ad-Hoc|Any CPU.Build.0 = Debug|Any CPU
		{CA2F9A6E-FE5D-4CCB-81EB-F4DD10BEFC86}.Ad-Hoc|iPhone.ActiveCfg = Debug|Any CPU
		{CA2F9A6E-FE5D-4CCB-81EB-F4DD10BEFC86}.Ad-Hoc|iPhone.Build.0 = Debug|Any CPU
		{CA2F9A6E-FE5D-4CCB-81EB-F4DD10BEFC86}.Ad-Hoc|iPhoneSimulator.ActiveCfg = Debug|Any CPU
		{CA2F9A6E-FE5D-4CCB-81EB-F4DD10BEFC86}.Ad-Hoc|iPhoneSimulator.Build.0 = Debug|Any CPU
		{CA2F9A6E-FE5D-4CCB-81EB-F4DD10BEFC86}.AppStore|Any CPU.ActiveCfg = Debug|Any CPU
		{CA2F9A6E-FE5D-4CCB-81EB-F4DD10BEFC86}.AppStore|Any CPU.Build.0 = Debug|Any CPU
		{CA2F9A6E-FE5D-4CCB-81EB-F4DD10BEFC86}.AppStore|iPhone.ActiveCfg = Debug|Any CPU
		{CA2F9A6E-FE5D-4CCB-81EB-F4DD10BEFC86}.AppStore|iPhone.Build.0 = Debug|Any CPU
		{CA2F9A6E-FE5D-4CCB-81EB-F4DD10BEFC86}.AppStore|iPhoneSimulator.ActiveCfg = Debug|Any CPU
		{CA2F9A6E-FE5D-4CCB-81EB-F4DD10BEFC86}.AppStore|iPhoneSimulator.Build.0 = Debug|Any CPU
		{CA2F9A6E-FE5D-4CCB-81EB-F4DD10BEFC86}.Debug|Any CPU.ActiveCfg = Debug|Any CPU
		{CA2F9A6E-FE5D-4CCB-81EB-F4DD10BEFC86}.Debug|Any CPU.Build.0 = Debug|Any CPU
		{CA2F9A6E-FE5D-4CCB-81EB-F4DD10BEFC86}.Debug|iPhone.ActiveCfg = Debug|Any CPU
		{CA2F9A6E-FE5D-4CCB-81EB-F4DD10BEFC86}.Debug|iPhone.Build.0 = Debug|Any CPU
		{CA2F9A6E-FE5D-4CCB-81EB-F4DD10BEFC86}.Debug|iPhoneSimulator.ActiveCfg = Debug|Any CPU
		{CA2F9A6E-FE5D-4CCB-81EB-F4DD10BEFC86}.Debug|iPhoneSimulator.Build.0 = Debug|Any CPU
		{CA2F9A6E-FE5D-4CCB-81EB-F4DD10BEFC86}.Release|Any CPU.ActiveCfg = Release|Any CPU
		{CA2F9A6E-FE5D-4CCB-81EB-F4DD10BEFC86}.Release|Any CPU.Build.0 = Release|Any CPU
		{CA2F9A6E-FE5D-4CCB-81EB-F4DD10BEFC86}.Release|iPhone.ActiveCfg = Release|Any CPU
		{CA2F9A6E-FE5D-4CCB-81EB-F4DD10BEFC86}.Release|iPhone.Build.0 = Release|Any CPU
		{CA2F9A6E-FE5D-4CCB-81EB-F4DD10BEFC86}.Release|iPhoneSimulator.ActiveCfg = Release|Any CPU
		{CA2F9A6E-FE5D-4CCB-81EB-F4DD10BEFC86}.Release|iPhoneSimulator.Build.0 = Release|Any CPU
		{D8FD2C32-B5BE-4DC3-829D-AE42FAF989EF}.Ad-Hoc|Any CPU.ActiveCfg = Debug|Any CPU
		{D8FD2C32-B5BE-4DC3-829D-AE42FAF989EF}.Ad-Hoc|Any CPU.Build.0 = Debug|Any CPU
		{D8FD2C32-B5BE-4DC3-829D-AE42FAF989EF}.Ad-Hoc|iPhone.ActiveCfg = Debug|Any CPU
		{D8FD2C32-B5BE-4DC3-829D-AE42FAF989EF}.Ad-Hoc|iPhone.Build.0 = Debug|Any CPU
		{D8FD2C32-B5BE-4DC3-829D-AE42FAF989EF}.Ad-Hoc|iPhoneSimulator.ActiveCfg = Debug|Any CPU
		{D8FD2C32-B5BE-4DC3-829D-AE42FAF989EF}.Ad-Hoc|iPhoneSimulator.Build.0 = Debug|Any CPU
		{D8FD2C32-B5BE-4DC3-829D-AE42FAF989EF}.AppStore|Any CPU.ActiveCfg = Debug|Any CPU
		{D8FD2C32-B5BE-4DC3-829D-AE42FAF989EF}.AppStore|Any CPU.Build.0 = Debug|Any CPU
		{D8FD2C32-B5BE-4DC3-829D-AE42FAF989EF}.AppStore|iPhone.ActiveCfg = Debug|Any CPU
		{D8FD2C32-B5BE-4DC3-829D-AE42FAF989EF}.AppStore|iPhone.Build.0 = Debug|Any CPU
		{D8FD2C32-B5BE-4DC3-829D-AE42FAF989EF}.AppStore|iPhoneSimulator.ActiveCfg = Debug|Any CPU
		{D8FD2C32-B5BE-4DC3-829D-AE42FAF989EF}.AppStore|iPhoneSimulator.Build.0 = Debug|Any CPU
		{D8FD2C32-B5BE-4DC3-829D-AE42FAF989EF}.Debug|Any CPU.ActiveCfg = Debug|Any CPU
		{D8FD2C32-B5BE-4DC3-829D-AE42FAF989EF}.Debug|Any CPU.Build.0 = Debug|Any CPU
		{D8FD2C32-B5BE-4DC3-829D-AE42FAF989EF}.Debug|iPhone.ActiveCfg = Debug|Any CPU
		{D8FD2C32-B5BE-4DC3-829D-AE42FAF989EF}.Debug|iPhone.Build.0 = Debug|Any CPU
		{D8FD2C32-B5BE-4DC3-829D-AE42FAF989EF}.Debug|iPhoneSimulator.ActiveCfg = Debug|Any CPU
		{D8FD2C32-B5BE-4DC3-829D-AE42FAF989EF}.Debug|iPhoneSimulator.Build.0 = Debug|Any CPU
		{D8FD2C32-B5BE-4DC3-829D-AE42FAF989EF}.Release|Any CPU.ActiveCfg = Release|Any CPU
		{D8FD2C32-B5BE-4DC3-829D-AE42FAF989EF}.Release|Any CPU.Build.0 = Release|Any CPU
		{D8FD2C32-B5BE-4DC3-829D-AE42FAF989EF}.Release|iPhone.ActiveCfg = Release|Any CPU
		{D8FD2C32-B5BE-4DC3-829D-AE42FAF989EF}.Release|iPhone.Build.0 = Release|Any CPU
		{D8FD2C32-B5BE-4DC3-829D-AE42FAF989EF}.Release|iPhoneSimulator.ActiveCfg = Release|Any CPU
		{D8FD2C32-B5BE-4DC3-829D-AE42FAF989EF}.Release|iPhoneSimulator.Build.0 = Release|Any CPU
		{1917B751-E91B-4965-B95A-5A07B7353396}.Ad-Hoc|Any CPU.ActiveCfg = Debug|Any CPU
		{1917B751-E91B-4965-B95A-5A07B7353396}.Ad-Hoc|Any CPU.Build.0 = Debug|Any CPU
		{1917B751-E91B-4965-B95A-5A07B7353396}.Ad-Hoc|iPhone.ActiveCfg = Debug|Any CPU
		{1917B751-E91B-4965-B95A-5A07B7353396}.Ad-Hoc|iPhone.Build.0 = Debug|Any CPU
		{1917B751-E91B-4965-B95A-5A07B7353396}.Ad-Hoc|iPhoneSimulator.ActiveCfg = Debug|Any CPU
		{1917B751-E91B-4965-B95A-5A07B7353396}.Ad-Hoc|iPhoneSimulator.Build.0 = Debug|Any CPU
		{1917B751-E91B-4965-B95A-5A07B7353396}.AppStore|Any CPU.ActiveCfg = Debug|Any CPU
		{1917B751-E91B-4965-B95A-5A07B7353396}.AppStore|Any CPU.Build.0 = Debug|Any CPU
		{1917B751-E91B-4965-B95A-5A07B7353396}.AppStore|iPhone.ActiveCfg = Debug|Any CPU
		{1917B751-E91B-4965-B95A-5A07B7353396}.AppStore|iPhone.Build.0 = Debug|Any CPU
		{1917B751-E91B-4965-B95A-5A07B7353396}.AppStore|iPhoneSimulator.ActiveCfg = Debug|Any CPU
		{1917B751-E91B-4965-B95A-5A07B7353396}.AppStore|iPhoneSimulator.Build.0 = Debug|Any CPU
		{1917B751-E91B-4965-B95A-5A07B7353396}.Debug|Any CPU.ActiveCfg = Debug|Any CPU
		{1917B751-E91B-4965-B95A-5A07B7353396}.Debug|Any CPU.Build.0 = Debug|Any CPU
		{1917B751-E91B-4965-B95A-5A07B7353396}.Debug|iPhone.ActiveCfg = Debug|Any CPU
		{1917B751-E91B-4965-B95A-5A07B7353396}.Debug|iPhone.Build.0 = Debug|Any CPU
		{1917B751-E91B-4965-B95A-5A07B7353396}.Debug|iPhoneSimulator.ActiveCfg = Debug|Any CPU
		{1917B751-E91B-4965-B95A-5A07B7353396}.Debug|iPhoneSimulator.Build.0 = Debug|Any CPU
		{1917B751-E91B-4965-B95A-5A07B7353396}.Release|Any CPU.ActiveCfg = Release|Any CPU
		{1917B751-E91B-4965-B95A-5A07B7353396}.Release|Any CPU.Build.0 = Release|Any CPU
		{1917B751-E91B-4965-B95A-5A07B7353396}.Release|iPhone.ActiveCfg = Release|Any CPU
		{1917B751-E91B-4965-B95A-5A07B7353396}.Release|iPhone.Build.0 = Release|Any CPU
		{1917B751-E91B-4965-B95A-5A07B7353396}.Release|iPhoneSimulator.ActiveCfg = Release|Any CPU
		{1917B751-E91B-4965-B95A-5A07B7353396}.Release|iPhoneSimulator.Build.0 = Release|Any CPU
		{87CD504A-3DB7-468C-86F1-35DA5F920AC1}.Ad-Hoc|Any CPU.ActiveCfg = Debug|Any CPU
		{87CD504A-3DB7-468C-86F1-35DA5F920AC1}.Ad-Hoc|Any CPU.Build.0 = Debug|Any CPU
		{87CD504A-3DB7-468C-86F1-35DA5F920AC1}.Ad-Hoc|iPhone.ActiveCfg = Debug|Any CPU
		{87CD504A-3DB7-468C-86F1-35DA5F920AC1}.Ad-Hoc|iPhone.Build.0 = Debug|Any CPU
		{87CD504A-3DB7-468C-86F1-35DA5F920AC1}.Ad-Hoc|iPhoneSimulator.ActiveCfg = Debug|Any CPU
		{87CD504A-3DB7-468C-86F1-35DA5F920AC1}.Ad-Hoc|iPhoneSimulator.Build.0 = Debug|Any CPU
		{87CD504A-3DB7-468C-86F1-35DA5F920AC1}.AppStore|Any CPU.ActiveCfg = Debug|Any CPU
		{87CD504A-3DB7-468C-86F1-35DA5F920AC1}.AppStore|Any CPU.Build.0 = Debug|Any CPU
		{87CD504A-3DB7-468C-86F1-35DA5F920AC1}.AppStore|iPhone.ActiveCfg = Debug|Any CPU
		{87CD504A-3DB7-468C-86F1-35DA5F920AC1}.AppStore|iPhone.Build.0 = Debug|Any CPU
		{87CD504A-3DB7-468C-86F1-35DA5F920AC1}.AppStore|iPhoneSimulator.ActiveCfg = Debug|Any CPU
		{87CD504A-3DB7-468C-86F1-35DA5F920AC1}.AppStore|iPhoneSimulator.Build.0 = Debug|Any CPU
		{87CD504A-3DB7-468C-86F1-35DA5F920AC1}.Debug|Any CPU.ActiveCfg = Debug|Any CPU
		{87CD504A-3DB7-468C-86F1-35DA5F920AC1}.Debug|Any CPU.Build.0 = Debug|Any CPU
		{87CD504A-3DB7-468C-86F1-35DA5F920AC1}.Debug|iPhone.ActiveCfg = Debug|Any CPU
		{87CD504A-3DB7-468C-86F1-35DA5F920AC1}.Debug|iPhone.Build.0 = Debug|Any CPU
		{87CD504A-3DB7-468C-86F1-35DA5F920AC1}.Debug|iPhoneSimulator.ActiveCfg = Debug|Any CPU
		{87CD504A-3DB7-468C-86F1-35DA5F920AC1}.Debug|iPhoneSimulator.Build.0 = Debug|Any CPU
		{87CD504A-3DB7-468C-86F1-35DA5F920AC1}.Release|Any CPU.ActiveCfg = Release|Any CPU
		{87CD504A-3DB7-468C-86F1-35DA5F920AC1}.Release|Any CPU.Build.0 = Release|Any CPU
		{87CD504A-3DB7-468C-86F1-35DA5F920AC1}.Release|iPhone.ActiveCfg = Release|Any CPU
		{87CD504A-3DB7-468C-86F1-35DA5F920AC1}.Release|iPhone.Build.0 = Release|Any CPU
		{87CD504A-3DB7-468C-86F1-35DA5F920AC1}.Release|iPhoneSimulator.ActiveCfg = Release|Any CPU
		{87CD504A-3DB7-468C-86F1-35DA5F920AC1}.Release|iPhoneSimulator.Build.0 = Release|Any CPU
	EndGlobalSection
	GlobalSection(SolutionProperties) = preSolution
		HideSolutionNode = FALSE
	EndGlobalSection
	GlobalSection(NestedProjects) = preSolution
		{536BE27E-95FF-4FF7-A32E-EBA0B35C5E1E} = {72A0A169-E067-4474-8376-4323F58AF31B}
		{C7E12D38-297B-4E95-8E67-F877CCE0BF73} = {72A0A169-E067-4474-8376-4323F58AF31B}
		{E21DE48A-DB02-403D-B2E1-AA640F9E2B52} = {72A0A169-E067-4474-8376-4323F58AF31B}
		{CA2F9A6E-FE5D-4CCB-81EB-F4DD10BEFC86} = {1D034C70-F51F-423D-8F29-54732D1D5E26}
		{D8FD2C32-B5BE-4DC3-829D-AE42FAF989EF} = {C82A12C4-1A19-4D7D-9548-57509120F3BF}
		{1917B751-E91B-4965-B95A-5A07B7353396} = {BFA3F27D-4780-4EEF-B580-670AF99A607D}
		{87CD504A-3DB7-468C-86F1-35DA5F920AC1} = {BFA3F27D-4780-4EEF-B580-670AF99A607D}
	EndGlobalSection
	GlobalSection(ExtensibilityGlobals) = postSolution
		SolutionGuid = {CC9D7B1B-A185-466C-A37E-72B7500CDC57}
	EndGlobalSection
EndGlobal
